
Microsoft Visual Studio Solution File, Format Version 12.00
# Visual Studio Version 17
VisualStudioVersion = 17.3.32901.215
MinimumVisualStudioVersion = 10.0.40219.1
Project("{FAE04EC0-301F-11D3-BF4B-00C04F79EFBC}") = "HotelControl", "HotelControl\HotelControl.csproj", "{F8761D27-0346-4BE2-AF2C-4D678713E076}"
EndProject
Global
	GlobalSection(SolutionConfigurationPlatforms) = preSolution
		Debug|Any CPU = Debug|Any CPU
		Release|Any CPU = Release|Any CPU
	EndGlobalSection
	GlobalSection(ProjectConfigurationPlatforms) = postSolution
		{F8761D27-0346-4BE2-AF2C-4D678713E076}.Debug|Any CPU.ActiveCfg = Debug|Any CPU
		{F8761D27-0346-4BE2-AF2C-4D678713E076}.Debug|Any CPU.Build.0 = Debug|Any CPU
		{F8761D27-0346-4BE2-AF2C-4D678713E076}.Release|Any CPU.ActiveCfg = Release|Any CPU
		{F8761D27-0346-4BE2-AF2C-4D678713E076}.Release|Any CPU.Build.0 = Release|Any CPU
	EndGlobalSection
	GlobalSection(SolutionProperties) = preSolution
		HideSolutionNode = FALSE
	EndGlobalSection
	GlobalSection(ExtensibilityGlobals) = postSolution
		SolutionGuid = {3483387E-ABC3-4D86-A64C-F32149A77481}
	EndGlobalSection
EndGlobal
