
Microsoft Visual Studio Solution File, Format Version 12.00
# Visual Studio Version 17
VisualStudioVersion = 17.3.32901.215
MinimumVisualStudioVersion = 10.0.40219.1
Project("{FAE04EC0-301F-11D3-BF4B-00C04F79EFBC}") = "MyControls", "MyControls\MyControls.csproj", "{A980FE67-9AB2-4B3C-85BA-E9FD60789283}"
EndProject
Project("{FAE04EC0-301F-11D3-BF4B-00C04F79EFBC}") = "THMonitorPro", "THMonitorPro\THMonitorPro.csproj", "{A32542F1-3EB4-4BF4-B5CC-673DC735C53C}"
EndProject
Project("{FAE04EC0-301F-11D3-BF4B-00C04F79EFBC}") = "Models", "Models\Models.csproj", "{3C4F7272-45F0-499C-90CE-B54D9DCEA960}"
EndProject
Global
	GlobalSection(SolutionConfigurationPlatforms) = preSolution
		Debug|Any CPU = Debug|Any CPU
		Release|Any CPU = Release|Any CPU
	EndGlobalSection
	GlobalSection(ProjectConfigurationPlatforms) = postSolution
		{A980FE67-9AB2-4B3C-85BA-E9FD60789283}.Debug|Any CPU.ActiveCfg = Debug|Any CPU
		{A980FE67-9AB2-4B3C-85BA-E9FD60789283}.Debug|Any CPU.Build.0 = Debug|Any CPU
		{A980FE67-9AB2-4B3C-85BA-E9FD60789283}.Release|Any CPU.ActiveCfg = Release|Any CPU
		{A980FE67-9AB2-4B3C-85BA-E9FD60789283}.Release|Any CPU.Build.0 = Release|Any CPU
		{A32542F1-3EB4-4BF4-B5CC-673DC735C53C}.Debug|Any CPU.ActiveCfg = Debug|Any CPU
		{A32542F1-3EB4-4BF4-B5CC-673DC735C53C}.Debug|Any CPU.Build.0 = Debug|Any CPU
		{A32542F1-3EB4-4BF4-B5CC-673DC735C53C}.Release|Any CPU.ActiveCfg = Release|Any CPU
		{A32542F1-3EB4-4BF4-B5CC-673DC735C53C}.Release|Any CPU.Build.0 = Release|Any CPU
		{3C4F7272-45F0-499C-90CE-B54D9DCEA960}.Debug|Any CPU.ActiveCfg = Debug|Any CPU
		{3C4F7272-45F0-499C-90CE-B54D9DCEA960}.Debug|Any CPU.Build.0 = Debug|Any CPU
		{3C4F7272-45F0-499C-90CE-B54D9DCEA960}.Release|Any CPU.ActiveCfg = Release|Any CPU
		{3C4F7272-45F0-499C-90CE-B54D9DCEA960}.Release|Any CPU.Build.0 = Release|Any CPU
	EndGlobalSection
	GlobalSection(SolutionProperties) = preSolution
		HideSolutionNode = FALSE
	EndGlobalSection
	GlobalSection(ExtensibilityGlobals) = postSolution
		SolutionGuid = {37CF923C-985A-455E-9772-ABE4AB74EA5D}
	EndGlobalSection
EndGlobal
